
Microsoft Visual Studio Solution File, Format Version 12.00
# Visual Studio Version 16
VisualStudioVersion = 16.0.30225.117
MinimumVisualStudioVersion = 10.0.40219.1
Project("{888888A0-9F3D-457C-B088-3A5042F75D52}") = "VtubeKit", "VtubeKit.pyproj", "{14D5EC27-B0DE-4C52-864F-191071B07120}"
EndProject
Global
	GlobalSection(SolutionConfigurationPlatforms) = preSolution
		Debug|Any CPU = Debug|Any CPU
		Release|Any CPU = Release|Any CPU
	EndGlobalSection
	GlobalSection(ProjectConfigurationPlatforms) = postSolution
		{14D5EC27-B0DE-4C52-864F-191071B07120}.Debug|Any CPU.ActiveCfg = Debug|Any CPU
		{14D5EC27-B0DE-4C52-864F-191071B07120}.Release|Any CPU.ActiveCfg = Release|Any CPU
	EndGlobalSection
	GlobalSection(SolutionProperties) = preSolution
		HideSolutionNode = FALSE
	EndGlobalSection
	GlobalSection(ExtensibilityGlobals) = postSolution
		SolutionGuid = {833C71A4-3A63-45CB-AAF2-BA276E966ABB}
	EndGlobalSection
EndGlobal
